
Microsoft Visual Studio Solution File, Format Version 12.00
# Visual Studio Version 17
VisualStudioVersion = 17.3.32929.385
MinimumVisualStudioVersion = 10.0.40219.1
Project("{FAE04EC0-301F-11D3-BF4B-00C04F79EFBC}") = "CoinsProject2", "CoinsProject2\CoinsProject2.csproj", "{993A4DF0-B3A1-4ED9-9985-78C33BE784A4}"
EndProject
Global
	GlobalSection(SolutionConfigurationPlatforms) = preSolution
		Debug|Any CPU = Debug|Any CPU
		Release|Any CPU = Release|Any CPU
	EndGlobalSection
	GlobalSection(ProjectConfigurationPlatforms) = postSolution
		{993A4DF0-B3A1-4ED9-9985-78C33BE784A4}.Debug|Any CPU.ActiveCfg = Debug|Any CPU
		{993A4DF0-B3A1-4ED9-9985-78C33BE784A4}.Debug|Any CPU.Build.0 = Debug|Any CPU
		{993A4DF0-B3A1-4ED9-9985-78C33BE784A4}.Release|Any CPU.ActiveCfg = Release|Any CPU
		{993A4DF0-B3A1-4ED9-9985-78C33BE784A4}.Release|Any CPU.Build.0 = Release|Any CPU
	EndGlobalSection
	GlobalSection(SolutionProperties) = preSolution
		HideSolutionNode = FALSE
	EndGlobalSection
	GlobalSection(ExtensibilityGlobals) = postSolution
		SolutionGuid = {532CEF7E-4168-457B-BCCF-1501DCD84CFC}
	EndGlobalSection
EndGlobal
